// !$*UTF8*$!
{
	archiveVersion = 1;
	classes = {
	};
	objectVersion = 56;
	objects = {

/* Begin PBXBuildFile section */
		82DD46892A8914080098A7BC /* CoffeeListApp.swift in Sources */ = {isa = PBXBuildFile; fileRef = 82DD46882A8914080098A7BC /* CoffeeListApp.swift */; };
		82DD468D2A89140E0098A7BC /* Assets.xcassets in Resources */ = {isa = PBXBuildFile; fileRef = 82DD468C2A89140E0098A7BC /* Assets.xcassets */; };
		82DD46902A89140E0098A7BC /* Preview Assets.xcassets in Resources */ = {isa = PBXBuildFile; fileRef = 82DD468F2A89140E0098A7BC /* Preview Assets.xcassets */; };
		82DD469A2A89140E0098A7BC /* CoffeeListTests.swift in Sources */ = {isa = PBXBuildFile; fileRef = 82DD46992A89140E0098A7BC /* CoffeeListTests.swift */; };
		82DD46A42A89140E0098A7BC /* CoffeeListUITests.swift in Sources */ = {isa = PBXBuildFile; fileRef = 82DD46A32A89140E0098A7BC /* CoffeeListUITests.swift */; };
		82DD46A62A89140E0098A7BC /* CoffeeListUITestsLaunchTests.swift in Sources */ = {isa = PBXBuildFile; fileRef = 82DD46A52A89140E0098A7BC /* CoffeeListUITestsLaunchTests.swift */; };
		82DD46B82A8914840098A7BC /* Colors.swift in Sources */ = {isa = PBXBuildFile; fileRef = 82DD46B42A8914840098A7BC /* Colors.swift */; };
		82DD46B92A8914840098A7BC /* Images.swift in Sources */ = {isa = PBXBuildFile; fileRef = 82DD46B52A8914840098A7BC /* Images.swift */; };
		82DD46BA2A8914840098A7BC /* View+Ext.swift in Sources */ = {isa = PBXBuildFile; fileRef = 82DD46B62A8914840098A7BC /* View+Ext.swift */; };
		82DD46C02A89168C0098A7BC /* CoffeListView.swift in Sources */ = {isa = PBXBuildFile; fileRef = 82DD46BC2A89168B0098A7BC /* CoffeListView.swift */; };
		82DD46C12A89168C0098A7BC /* CoffeItemView.swift in Sources */ = {isa = PBXBuildFile; fileRef = 82DD46BD2A89168B0098A7BC /* CoffeItemView.swift */; };
		82DD46C22A89168C0098A7BC /* Coffe.swift in Sources */ = {isa = PBXBuildFile; fileRef = 82DD46BE2A89168B0098A7BC /* Coffe.swift */; };
		82DD46C32A89168C0098A7BC /* CoffeHeaderItem.swift in Sources */ = {isa = PBXBuildFile; fileRef = 82DD46BF2A89168C0098A7BC /* CoffeHeaderItem.swift */; };
		82DD46C52A8917FA0098A7BC /* .gitignore in Resources */ = {isa = PBXBuildFile; fileRef = 82DD46C42A8917F90098A7BC /* .gitignore */; };
		82DD46FE2A8968580098A7BC /* coffe_list.gif in Resources */ = {isa = PBXBuildFile; fileRef = 82DD46FD2A8968580098A7BC /* coffe_list.gif */; };
/* End PBXBuildFile section */

/* Begin PBXContainerItemProxy section */
		82DD46962A89140E0098A7BC /* PBXContainerItemProxy */ = {
			isa = PBXContainerItemProxy;
			containerPortal = 82DD467D2A8914080098A7BC /* Project object */;
			proxyType = 1;
			remoteGlobalIDString = 82DD46842A8914080098A7BC;
			remoteInfo = CoffeeList;
		};
		82DD46A02A89140E0098A7BC /* PBXContainerItemProxy */ = {
			isa = PBXContainerItemProxy;
			containerPortal = 82DD467D2A8914080098A7BC /* Project object */;
			proxyType = 1;
			remoteGlobalIDString = 82DD46842A8914080098A7BC;
			remoteInfo = CoffeeList;
		};
/* End PBXContainerItemProxy section */

/* Begin PBXFileReference section */
		82DD46852A8914080098A7BC /* CoffeeList.app */ = {isa = PBXFileReference; explicitFileType = wrapper.application; includeInIndex = 0; path = CoffeeList.app; sourceTree = BUILT_PRODUCTS_DIR; };
		82DD46882A8914080098A7BC /* CoffeeListApp.swift */ = {isa = PBXFileReference; lastKnownFileType = sourcecode.swift; path = CoffeeListApp.swift; sourceTree = "<group>"; };
		82DD468C2A89140E0098A7BC /* Assets.xcassets */ = {isa = PBXFileReference; lastKnownFileType = folder.assetcatalog; path = Assets.xcassets; sourceTree = "<group>"; };
		82DD468F2A89140E0098A7BC /* Preview Assets.xcassets */ = {isa = PBXFileReference; lastKnownFileType = folder.assetcatalog; path = "Preview Assets.xcassets"; sourceTree = "<group>"; };
		82DD46952A89140E0098A7BC /* CoffeeListTests.xctest */ = {isa = PBXFileReference; explicitFileType = wrapper.cfbundle; includeInIndex = 0; path = CoffeeListTests.xctest; sourceTree = BUILT_PRODUCTS_DIR; };
		82DD46992A89140E0098A7BC /* CoffeeListTests.swift */ = {isa = PBXFileReference; lastKnownFileType = sourcecode.swift; path = CoffeeListTests.swift; sourceTree = "<group>"; };
		82DD469F2A89140E0098A7BC /* CoffeeListUITests.xctest */ = {isa = PBXFileReference; explicitFileType = wrapper.cfbundle; includeInIndex = 0; path = CoffeeListUITests.xctest; sourceTree = BUILT_PRODUCTS_DIR; };
		82DD46A32A89140E0098A7BC /* CoffeeListUITests.swift */ = {isa = PBXFileReference; lastKnownFileType = sourcecode.swift; path = CoffeeListUITests.swift; sourceTree = "<group>"; };
		82DD46A52A89140E0098A7BC /* CoffeeListUITestsLaunchTests.swift */ = {isa = PBXFileReference; lastKnownFileType = sourcecode.swift; path = CoffeeListUITestsLaunchTests.swift; sourceTree = "<group>"; };
		82DD46B42A8914840098A7BC /* Colors.swift */ = {isa = PBXFileReference; fileEncoding = 4; lastKnownFileType = sourcecode.swift; path = Colors.swift; sourceTree = "<group>"; };
		82DD46B52A8914840098A7BC /* Images.swift */ = {isa = PBXFileReference; fileEncoding = 4; lastKnownFileType = sourcecode.swift; path = Images.swift; sourceTree = "<group>"; };
		82DD46B62A8914840098A7BC /* View+Ext.swift */ = {isa = PBXFileReference; fileEncoding = 4; lastKnownFileType = sourcecode.swift; path = "View+Ext.swift"; sourceTree = "<group>"; };
		82DD46BC2A89168B0098A7BC /* CoffeListView.swift */ = {isa = PBXFileReference; fileEncoding = 4; lastKnownFileType = sourcecode.swift; path = CoffeListView.swift; sourceTree = "<group>"; };
		82DD46BD2A89168B0098A7BC /* CoffeItemView.swift */ = {isa = PBXFileReference; fileEncoding = 4; lastKnownFileType = sourcecode.swift; path = CoffeItemView.swift; sourceTree = "<group>"; };
		82DD46BE2A89168B0098A7BC /* Coffe.swift */ = {isa = PBXFileReference; fileEncoding = 4; lastKnownFileType = sourcecode.swift; path = Coffe.swift; sourceTree = "<group>"; };
		82DD46BF2A89168C0098A7BC /* CoffeHeaderItem.swift */ = {isa = PBXFileReference; fileEncoding = 4; lastKnownFileType = sourcecode.swift; path = CoffeHeaderItem.swift; sourceTree = "<group>"; };
		82DD46C42A8917F90098A7BC /* .gitignore */ = {isa = PBXFileReference; fileEncoding = 4; lastKnownFileType = text; path = .gitignore; sourceTree = "<group>"; };
		82DD46FD2A8968580098A7BC /* coffe_list.gif */ = {isa = PBXFileReference; lastKnownFileType = image.gif; path = coffe_list.gif; sourceTree = "<group>"; };
/* End PBXFileReference section */

/* Begin PBXFrameworksBuildPhase section */
		82DD46822A8914080098A7BC /* Frameworks */ = {
			isa = PBXFrameworksBuildPhase;
			buildActionMask = 2147483647;
			files = (
			);
			runOnlyForDeploymentPostprocessing = 0;
		};
		82DD46922A89140E0098A7BC /* Frameworks */ = {
			isa = PBXFrameworksBuildPhase;
			buildActionMask = 2147483647;
			files = (
			);
			runOnlyForDeploymentPostprocessing = 0;
		};
		82DD469C2A89140E0098A7BC /* Frameworks */ = {
			isa = PBXFrameworksBuildPhase;
			buildActionMask = 2147483647;
			files = (
			);
			runOnlyForDeploymentPostprocessing = 0;
		};
/* End PBXFrameworksBuildPhase section */

/* Begin PBXGroup section */
		82DD467C2A8914080098A7BC = {
			isa = PBXGroup;
			children = (
				82DD46FC2A8968400098A7BC /* statics */,
				82DD46C42A8917F90098A7BC /* .gitignore */,
				82DD46872A8914080098A7BC /* CoffeeList */,
				82DD46982A89140E0098A7BC /* CoffeeListTests */,
				82DD46A22A89140E0098A7BC /* CoffeeListUITests */,
				82DD46862A8914080098A7BC /* Products */,
			);
			sourceTree = "<group>";
		};
		82DD46862A8914080098A7BC /* Products */ = {
			isa = PBXGroup;
			children = (
				82DD46852A8914080098A7BC /* CoffeeList.app */,
				82DD46952A89140E0098A7BC /* CoffeeListTests.xctest */,
				82DD469F2A89140E0098A7BC /* CoffeeListUITests.xctest */,
			);
			name = Products;
			sourceTree = "<group>";
		};
		82DD46872A8914080098A7BC /* CoffeeList */ = {
			isa = PBXGroup;
			children = (
				82DD46B32A8914560098A7BC /* Core */,
				82DD46B22A89144E0098A7BC /* View */,
				82DD46882A8914080098A7BC /* CoffeeListApp.swift */,
				82DD468C2A89140E0098A7BC /* Assets.xcassets */,
				82DD468E2A89140E0098A7BC /* Preview Content */,
			);
			path = CoffeeList;
			sourceTree = "<group>";
		};
		82DD468E2A89140E0098A7BC /* Preview Content */ = {
			isa = PBXGroup;
			children = (
				82DD468F2A89140E0098A7BC /* Preview Assets.xcassets */,
			);
			path = "Preview Content";
			sourceTree = "<group>";
		};
		82DD46982A89140E0098A7BC /* CoffeeListTests */ = {
			isa = PBXGroup;
			children = (
				82DD46992A89140E0098A7BC /* CoffeeListTests.swift */,
			);
			path = CoffeeListTests;
			sourceTree = "<group>";
		};
		82DD46A22A89140E0098A7BC /* CoffeeListUITests */ = {
			isa = PBXGroup;
			children = (
				82DD46A32A89140E0098A7BC /* CoffeeListUITests.swift */,
				82DD46A52A89140E0098A7BC /* CoffeeListUITestsLaunchTests.swift */,
			);
			path = CoffeeListUITests;
			sourceTree = "<group>";
		};
		82DD46B22A89144E0098A7BC /* View */ = {
			isa = PBXGroup;
			children = (
				82DD46BE2A89168B0098A7BC /* Coffe.swift */,
				82DD46BF2A89168C0098A7BC /* CoffeHeaderItem.swift */,
				82DD46BD2A89168B0098A7BC /* CoffeItemView.swift */,
				82DD46BC2A89168B0098A7BC /* CoffeListView.swift */,
			);
			path = View;
			sourceTree = "<group>";
		};
		82DD46B32A8914560098A7BC /* Core */ = {
			isa = PBXGroup;
			children = (
				82DD46B42A8914840098A7BC /* Colors.swift */,
				82DD46B52A8914840098A7BC /* Images.swift */,
				82DD46B62A8914840098A7BC /* View+Ext.swift */,
			);
			path = Core;
			sourceTree = "<group>";
		};
		82DD46FC2A8968400098A7BC /* statics */ = {
			isa = PBXGroup;
			children = (
				82DD46FD2A8968580098A7BC /* coffe_list.gif */,
			);
			path = statics;
			sourceTree = "<group>";
		};
/* End PBXGroup section */

/* Begin PBXNativeTarget section */
		82DD46842A8914080098A7BC /* CoffeeList */ = {
			isa = PBXNativeTarget;
			buildConfigurationList = 82DD46A92A89140E0098A7BC /* Build configuration list for PBXNativeTarget "CoffeeList" */;
			buildPhases = (
				82DD46812A8914080098A7BC /* Sources */,
				82DD46822A8914080098A7BC /* Frameworks */,
				82DD46832A8914080098A7BC /* Resources */,
			);
			buildRules = (
			);
			dependencies = (
			);
			name = CoffeeList;
			productName = CoffeeList;
			productReference = 82DD46852A8914080098A7BC /* CoffeeList.app */;
			productType = "com.apple.product-type.application";
		};
		82DD46942A89140E0098A7BC /* CoffeeListTests */ = {
			isa = PBXNativeTarget;
			buildConfigurationList = 82DD46AC2A89140F0098A7BC /* Build configuration list for PBXNativeTarget "CoffeeListTests" */;
			buildPhases = (
				82DD46912A89140E0098A7BC /* Sources */,
				82DD46922A89140E0098A7BC /* Frameworks */,
				82DD46932A89140E0098A7BC /* Resources */,
			);
			buildRules = (
			);
			dependencies = (
				82DD46972A89140E0098A7BC /* PBXTargetDependency */,
			);
			name = CoffeeListTests;
			productName = CoffeeListTests;
			productReference = 82DD46952A89140E0098A7BC /* CoffeeListTests.xctest */;
			productType = "com.apple.product-type.bundle.unit-test";
		};
		82DD469E2A89140E0098A7BC /* CoffeeListUITests */ = {
			isa = PBXNativeTarget;
			buildConfigurationList = 82DD46AF2A89140F0098A7BC /* Build configuration list for PBXNativeTarget "CoffeeListUITests" */;
			buildPhases = (
				82DD469B2A89140E0098A7BC /* Sources */,
				82DD469C2A89140E0098A7BC /* Frameworks */,
				82DD469D2A89140E0098A7BC /* Resources */,
			);
			buildRules = (
			);
			dependencies = (
				82DD46A12A89140E0098A7BC /* PBXTargetDependency */,
			);
			name = CoffeeListUITests;
			productName = CoffeeListUITests;
			productReference = 82DD469F2A89140E0098A7BC /* CoffeeListUITests.xctest */;
			productType = "com.apple.product-type.bundle.ui-testing";
		};
/* End PBXNativeTarget section */

/* Begin PBXProject section */
		82DD467D2A8914080098A7BC /* Project object */ = {
			isa = PBXProject;
			attributes = {
				BuildIndependentTargetsInParallel = 1;
				LastSwiftUpdateCheck = 1430;
				LastUpgradeCheck = 1430;
				TargetAttributes = {
					82DD46842A8914080098A7BC = {
						CreatedOnToolsVersion = 14.3;
					};
					82DD46942A89140E0098A7BC = {
						CreatedOnToolsVersion = 14.3;
						TestTargetID = 82DD46842A8914080098A7BC;
					};
					82DD469E2A89140E0098A7BC = {
						CreatedOnToolsVersion = 14.3;
						TestTargetID = 82DD46842A8914080098A7BC;
					};
				};
			};
			buildConfigurationList = 82DD46802A8914080098A7BC /* Build configuration list for PBXProject "CoffeeList" */;
			compatibilityVersion = "Xcode 14.0";
			developmentRegion = en;
			hasScannedForEncodings = 0;
			knownRegions = (
				en,
				Base,
			);
			mainGroup = 82DD467C2A8914080098A7BC;
			productRefGroup = 82DD46862A8914080098A7BC /* Products */;
			projectDirPath = "";
			projectRoot = "";
			targets = (
				82DD46842A8914080098A7BC /* CoffeeList */,
				82DD46942A89140E0098A7BC /* CoffeeListTests */,
				82DD469E2A89140E0098A7BC /* CoffeeListUITests */,
			);
		};
/* End PBXProject section */

/* Begin PBXResourcesBuildPhase section */
		82DD46832A8914080098A7BC /* Resources */ = {
			isa = PBXResourcesBuildPhase;
			buildActionMask = 2147483647;
			files = (
				82DD46FE2A8968580098A7BC /* coffe_list.gif in Resources */,
				82DD46902A89140E0098A7BC /* Preview Assets.xcassets in Resources */,
				82DD46C52A8917FA0098A7BC /* .gitignore in Resources */,
				82DD468D2A89140E0098A7BC /* Assets.xcassets in Resources */,
			);
			runOnlyForDeploymentPostprocessing = 0;
		};
		82DD46932A89140E0098A7BC /* Resources */ = {
			isa = PBXResourcesBuildPhase;
			buildActionMask = 2147483647;
			files = (
			);
			runOnlyForDeploymentPostprocessing = 0;
		};
		82DD469D2A89140E0098A7BC /* Resources */ = {
			isa = PBXResourcesBuildPhase;
			buildActionMask = 2147483647;
			files = (
			);
			runOnlyForDeploymentPostprocessing = 0;
		};
/* End PBXResourcesBuildPhase section */

/* Begin PBXSourcesBuildPhase section */
		82DD46812A8914080098A7BC /* Sources */ = {
			isa = PBXSourcesBuildPhase;
			buildActionMask = 2147483647;
			files = (
				82DD46C02A89168C0098A7BC /* CoffeListView.swift in Sources */,
				82DD46C32A89168C0098A7BC /* CoffeHeaderItem.swift in Sources */,
				82DD46C22A89168C0098A7BC /* Coffe.swift in Sources */,
				82DD46C12A89168C0098A7BC /* CoffeItemView.swift in Sources */,
				82DD46B92A8914840098A7BC /* Images.swift in Sources */,
				82DD46BA2A8914840098A7BC /* View+Ext.swift in Sources */,
				82DD46B82A8914840098A7BC /* Colors.swift in Sources */,
				82DD46892A8914080098A7BC /* CoffeeListApp.swift in Sources */,
			);
			runOnlyForDeploymentPostprocessing = 0;
		};
		82DD46912A89140E0098A7BC /* Sources */ = {
			isa = PBXSourcesBuildPhase;
			buildActionMask = 2147483647;
			files = (
				82DD469A2A89140E0098A7BC /* CoffeeListTests.swift in Sources */,
			);
			runOnlyForDeploymentPostprocessing = 0;
		};
		82DD469B2A89140E0098A7BC /* Sources */ = {
			isa = PBXSourcesBuildPhase;
			buildActionMask = 2147483647;
			files = (
				82DD46A62A89140E0098A7BC /* CoffeeListUITestsLaunchTests.swift in Sources */,
				82DD46A42A89140E0098A7BC /* CoffeeListUITests.swift in Sources */,
			);
			runOnlyForDeploymentPostprocessing = 0;
		};
/* End PBXSourcesBuildPhase section */

/* Begin PBXTargetDependency section */
		82DD46972A89140E0098A7BC /* PBXTargetDependency */ = {
			isa = PBXTargetDependency;
			target = 82DD46842A8914080098A7BC /* CoffeeList */;
			targetProxy = 82DD46962A89140E0098A7BC /* PBXContainerItemProxy */;
		};
		82DD46A12A89140E0098A7BC /* PBXTargetDependency */ = {
			isa = PBXTargetDependency;
			target = 82DD46842A8914080098A7BC /* CoffeeList */;
			targetProxy = 82DD46A02A89140E0098A7BC /* PBXContainerItemProxy */;
		};
/* End PBXTargetDependency section */

/* Begin XCBuildConfiguration section */
		82DD46A72A89140E0098A7BC /* Debug */ = {
			isa = XCBuildConfiguration;
			buildSettings = {
				ALWAYS_SEARCH_USER_PATHS = NO;
				CLANG_ANALYZER_NONNULL = YES;
				CLANG_ANALYZER_NUMBER_OBJECT_CONVERSION = YES_AGGRESSIVE;
				CLANG_CXX_LANGUAGE_STANDARD = "gnu++20";
				CLANG_ENABLE_MODULES = YES;
				CLANG_ENABLE_OBJC_ARC = YES;
				CLANG_ENABLE_OBJC_WEAK = YES;
				CLANG_WARN_BLOCK_CAPTURE_AUTORELEASING = YES;
				CLANG_WARN_BOOL_CONVERSION = YES;
				CLANG_WARN_COMMA = YES;
				CLANG_WARN_CONSTANT_CONVERSION = YES;
				CLANG_WARN_DEPRECATED_OBJC_IMPLEMENTATIONS = YES;
				CLANG_WARN_DIRECT_OBJC_ISA_USAGE = YES_ERROR;
				CLANG_WARN_DOCUMENTATION_COMMENTS = YES;
				CLANG_WARN_EMPTY_BODY = YES;
				CLANG_WARN_ENUM_CONVERSION = YES;
				CLANG_WARN_INFINITE_RECURSION = YES;
				CLANG_WARN_INT_CONVERSION = YES;
				CLANG_WARN_NON_LITERAL_NULL_CONVERSION = YES;
				CLANG_WARN_OBJC_IMPLICIT_RETAIN_SELF = YES;
				CLANG_WARN_OBJC_LITERAL_CONVERSION = YES;
				CLANG_WARN_OBJC_ROOT_CLASS = YES_ERROR;
				CLANG_WARN_QUOTED_INCLUDE_IN_FRAMEWORK_HEADER = YES;
				CLANG_WARN_RANGE_LOOP_ANALYSIS = YES;
				CLANG_WARN_STRICT_PROTOTYPES = YES;
				CLANG_WARN_SUSPICIOUS_MOVE = YES;
				CLANG_WARN_UNGUARDED_AVAILABILITY = YES_AGGRESSIVE;
				CLANG_WARN_UNREACHABLE_CODE = YES;
				CLANG_WARN__DUPLICATE_METHOD_MATCH = YES;
				COPY_PHASE_STRIP = NO;
				DEBUG_INFORMATION_FORMAT = dwarf;
				ENABLE_STRICT_OBJC_MSGSEND = YES;
				ENABLE_TESTABILITY = YES;
				GCC_C_LANGUAGE_STANDARD = gnu11;
				GCC_DYNAMIC_NO_PIC = NO;
				GCC_NO_COMMON_BLOCKS = YES;
				GCC_OPTIMIZATION_LEVEL = 0;
				GCC_PREPROCESSOR_DEFINITIONS = (
					"DEBUG=1",
					"$(inherited)",
				);
				GCC_WARN_64_TO_32_BIT_CONVERSION = YES;
				GCC_WARN_ABOUT_RETURN_TYPE = YES_ERROR;
				GCC_WARN_UNDECLARED_SELECTOR = YES;
				GCC_WARN_UNINITIALIZED_AUTOS = YES_AGGRESSIVE;
				GCC_WARN_UNUSED_FUNCTION = YES;
				GCC_WARN_UNUSED_VARIABLE = YES;
				IPHONEOS_DEPLOYMENT_TARGET = 16.4;
				MTL_ENABLE_DEBUG_INFO = INCLUDE_SOURCE;
				MTL_FAST_MATH = YES;
				ONLY_ACTIVE_ARCH = YES;
				SDKROOT = iphoneos;
				SWIFT_ACTIVE_COMPILATION_CONDITIONS = DEBUG;
				SWIFT_OPTIMIZATION_LEVEL = "-Onone";
			};
			name = Debug;
		};
		82DD46A82A89140E0098A7BC /* Release */ = {
			isa = XCBuildConfiguration;
			buildSettings = {
				ALWAYS_SEARCH_USER_PATHS = NO;
				CLANG_ANALYZER_NONNULL = YES;
				CLANG_ANALYZER_NUMBER_OBJECT_CONVERSION = YES_AGGRESSIVE;
				CLANG_CXX_LANGUAGE_STANDARD = "gnu++20";
				CLANG_ENABLE_MODULES = YES;
				CLANG_ENABLE_OBJC_ARC = YES;
				CLANG_ENABLE_OBJC_WEAK = YES;
				CLANG_WARN_BLOCK_CAPTURE_AUTORELEASING = YES;
				CLANG_WARN_BOOL_CONVERSION = YES;
				CLANG_WARN_COMMA = YES;
				CLANG_WARN_CONSTANT_CONVERSION = YES;
				CLANG_WARN_DEPRECATED_OBJC_IMPLEMENTATIONS = YES;
				CLANG_WARN_DIRECT_OBJC_ISA_USAGE = YES_ERROR;
				CLANG_WARN_DOCUMENTATION_COMMENTS = YES;
				CLANG_WARN_EMPTY_BODY = YES;
				CLANG_WARN_ENUM_CONVERSION = YES;
				CLANG_WARN_INFINITE_RECURSION = YES;
				CLANG_WARN_INT_CONVERSION = YES;
				CLANG_WARN_NON_LITERAL_NULL_CONVERSION = YES;
				CLANG_WARN_OBJC_IMPLICIT_RETAIN_SELF = YES;
				CLANG_WARN_OBJC_LITERAL_CONVERSION = YES;
				CLANG_WARN_OBJC_ROOT_CLASS = YES_ERROR;
				CLANG_WARN_QUOTED_INCLUDE_IN_FRAMEWORK_HEADER = YES;
				CLANG_WARN_RANGE_LOOP_ANALYSIS = YES;
				CLANG_WARN_STRICT_PROTOTYPES = YES;
				CLANG_WARN_SUSPICIOUS_MOVE = YES;
				CLANG_WARN_UNGUARDED_AVAILABILITY = YES_AGGRESSIVE;
				CLANG_WARN_UNREACHABLE_CODE = YES;
				CLANG_WARN__DUPLICATE_METHOD_MATCH = YES;
				COPY_PHASE_STRIP = NO;
				DEBUG_INFORMATION_FORMAT = "dwarf-with-dsym";
				ENABLE_NS_ASSERTIONS = NO;
				ENABLE_STRICT_OBJC_MSGSEND = YES;
				GCC_C_LANGUAGE_STANDARD = gnu11;
				GCC_NO_COMMON_BLOCKS = YES;
				GCC_WARN_64_TO_32_BIT_CONVERSION = YES;
				GCC_WARN_ABOUT_RETURN_TYPE = YES_ERROR;
				GCC_WARN_UNDECLARED_SELECTOR = YES;
				GCC_WARN_UNINITIALIZED_AUTOS = YES_AGGRESSIVE;
				GCC_WARN_UNUSED_FUNCTION = YES;
				GCC_WARN_UNUSED_VARIABLE = YES;
				IPHONEOS_DEPLOYMENT_TARGET = 16.4;
				MTL_ENABLE_DEBUG_INFO = NO;
				MTL_FAST_MATH = YES;
				SDKROOT = iphoneos;
				SWIFT_COMPILATION_MODE = wholemodule;
				SWIFT_OPTIMIZATION_LEVEL = "-O";
				VALIDATE_PRODUCT = YES;
			};
			name = Release;
		};
		82DD46AA2A89140E0098A7BC /* Debug */ = {
			isa = XCBuildConfiguration;
			buildSettings = {
				ASSETCATALOG_COMPILER_APPICON_NAME = AppIcon;
				ASSETCATALOG_COMPILER_GLOBAL_ACCENT_COLOR_NAME = AccentColor;
				CODE_SIGN_STYLE = Automatic;
				CURRENT_PROJECT_VERSION = 1;
				DEVELOPMENT_ASSET_PATHS = "\"CoffeeList/Preview Content\"";
				DEVELOPMENT_TEAM = 9SAUD8H4S8;
				ENABLE_PREVIEWS = YES;
				GENERATE_INFOPLIST_FILE = YES;
				INFOPLIST_KEY_UIApplicationSceneManifest_Generation = YES;
				INFOPLIST_KEY_UIApplicationSupportsIndirectInputEvents = YES;
				INFOPLIST_KEY_UILaunchScreen_Generation = YES;
				INFOPLIST_KEY_UISupportedInterfaceOrientations = UIInterfaceOrientationPortrait;
				INFOPLIST_KEY_UISupportedInterfaceOrientations_iPad = "UIInterfaceOrientationLandscapeLeft UIInterfaceOrientationLandscapeRight UIInterfaceOrientationPortrait UIInterfaceOrientationPortraitUpsideDown";
				LD_RUNPATH_SEARCH_PATHS = (
					"$(inherited)",
					"@executable_path/Frameworks",
				);
				MARKETING_VERSION = 1.0;
				PRODUCT_BUNDLE_IDENTIFIER = com.androidchi.CoffeeList;
				PRODUCT_NAME = "$(TARGET_NAME)";
				SWIFT_EMIT_LOC_STRINGS = YES;
				SWIFT_VERSION = 5.0;
				TARGETED_DEVICE_FAMILY = "1,2";
			};
			name = Debug;
		};
		82DD46AB2A89140E0098A7BC /* Release */ = {
			isa = XCBuildConfiguration;
			buildSettings = {
				ASSETCATALOG_COMPILER_APPICON_NAME = AppIcon;
				ASSETCATALOG_COMPILER_GLOBAL_ACCENT_COLOR_NAME = AccentColor;
				CODE_SIGN_STYLE = Automatic;
				CURRENT_PROJECT_VERSION = 1;
				DEVELOPMENT_ASSET_PATHS = "\"CoffeeList/Preview Content\"";
				DEVELOPMENT_TEAM = 9SAUD8H4S8;
				ENABLE_PREVIEWS = YES;
				GENERATE_INFOPLIST_FILE = YES;
				INFOPLIST_KEY_UIApplicationSceneManifest_Generation = YES;
				INFOPLIST_KEY_UIApplicationSupportsIndirectInputEvents = YES;
				INFOPLIST_KEY_UILaunchScreen_Generation = YES;
				INFOPLIST_KEY_UISupportedInterfaceOrientations = UIInterfaceOrientationPortrait;
				INFOPLIST_KEY_UISupportedInterfaceOrientations_iPad = "UIInterfaceOrientationLandscapeLeft UIInterfaceOrientationLandscapeRight UIInterfaceOrientationPortrait UIInterfaceOrientationPortraitUpsideDown";
				LD_RUNPATH_SEARCH_PATHS = (
					"$(inherited)",
					"@executable_path/Frameworks",
				);
				MARKETING_VERSION = 1.0;
				PRODUCT_BUNDLE_IDENTIFIER = com.androidchi.CoffeeList;
				PRODUCT_NAME = "$(TARGET_NAME)";
				SWIFT_EMIT_LOC_STRINGS = YES;
				SWIFT_VERSION = 5.0;
				TARGETED_DEVICE_FAMILY = "1,2";
			};
			name = Release;
		};
		82DD46AD2A89140F0098A7BC /* Debug */ = {
			isa = XCBuildConfiguration;
			buildSettings = {
				ALWAYS_EMBED_SWIFT_STANDARD_LIBRARIES = YES;
				BUNDLE_LOADER = "$(TEST_HOST)";
				CODE_SIGN_STYLE = Automatic;
				CURRENT_PROJECT_VERSION = 1;
				DEVELOPMENT_TEAM = 9SAUD8H4S8;
				GENERATE_INFOPLIST_FILE = YES;
				IPHONEOS_DEPLOYMENT_TARGET = 16.4;
				MARKETING_VERSION = 1.0;
				PRODUCT_BUNDLE_IDENTIFIER = com.androidchi.CoffeeListTests;
				PRODUCT_NAME = "$(TARGET_NAME)";
				SWIFT_EMIT_LOC_STRINGS = NO;
				SWIFT_VERSION = 5.0;
				TARGETED_DEVICE_FAMILY = "1,2";
				TEST_HOST = "$(BUILT_PRODUCTS_DIR)/CoffeeList.app/$(BUNDLE_EXECUTABLE_FOLDER_PATH)/CoffeeList";
			};
			name = Debug;
		};
		82DD46AE2A89140F0098A7BC /* Release */ = {
			isa = XCBuildConfiguration;
			buildSettings = {
				ALWAYS_EMBED_SWIFT_STANDARD_LIBRARIES = YES;
				BUNDLE_LOADER = "$(TEST_HOST)";
				CODE_SIGN_STYLE = Automatic;
				CURRENT_PROJECT_VERSION = 1;
				DEVELOPMENT_TEAM = 9SAUD8H4S8;
				GENERATE_INFOPLIST_FILE = YES;
				IPHONEOS_DEPLOYMENT_TARGET = 16.4;
				MARKETING_VERSION = 1.0;
				PRODUCT_BUNDLE_IDENTIFIER = com.androidchi.CoffeeListTests;
				PRODUCT_NAME = "$(TARGET_NAME)";
				SWIFT_EMIT_LOC_STRINGS = NO;
				SWIFT_VERSION = 5.0;
				TARGETED_DEVICE_FAMILY = "1,2";
				TEST_HOST = "$(BUILT_PRODUCTS_DIR)/CoffeeList.app/$(BUNDLE_EXECUTABLE_FOLDER_PATH)/CoffeeList";
			};
			name = Release;
		};
		82DD46B02A89140F0098A7BC /* Debug */ = {
			isa = XCBuildConfiguration;
			buildSettings = {
				ALWAYS_EMBED_SWIFT_STANDARD_LIBRARIES = YES;
				CODE_SIGN_STYLE = Automatic;
				CURRENT_PROJECT_VERSION = 1;
				DEVELOPMENT_TEAM = 9SAUD8H4S8;
				GENERATE_INFOPLIST_FILE = YES;
				MARKETING_VERSION = 1.0;
				PRODUCT_BUNDLE_IDENTIFIER = com.androidchi.CoffeeListUITests;
				PRODUCT_NAME = "$(TARGET_NAME)";
				SWIFT_EMIT_LOC_STRINGS = NO;
				SWIFT_VERSION = 5.0;
				TARGETED_DEVICE_FAMILY = "1,2";
				TEST_TARGET_NAME = CoffeeList;
			};
			name = Debug;
		};
		82DD46B12A89140F0098A7BC /* Release */ = {
			isa = XCBuildConfiguration;
			buildSettings = {
				ALWAYS_EMBED_SWIFT_STANDARD_LIBRARIES = YES;
				CODE_SIGN_STYLE = Automatic;
				CURRENT_PROJECT_VERSION = 1;
				DEVELOPMENT_TEAM = 9SAUD8H4S8;
				GENERATE_INFOPLIST_FILE = YES;
				MARKETING_VERSION = 1.0;
				PRODUCT_BUNDLE_IDENTIFIER = com.androidchi.CoffeeListUITests;
				PRODUCT_NAME = "$(TARGET_NAME)";
				SWIFT_EMIT_LOC_STRINGS = NO;
				SWIFT_VERSION = 5.0;
				TARGETED_DEVICE_FAMILY = "1,2";
				TEST_TARGET_NAME = CoffeeList;
			};
			name = Release;
		};
/* End XCBuildConfiguration section */

/* Begin XCConfigurationList section */
		82DD46802A8914080098A7BC /* Build configuration list for PBXProject "CoffeeList" */ = {
			isa = XCConfigurationList;
			buildConfigurations = (
				82DD46A72A89140E0098A7BC /* Debug */,
				82DD46A82A89140E0098A7BC /* Release */,
			);
			defaultConfigurationIsVisible = 0;
			defaultConfigurationName = Release;
		};
		82DD46A92A89140E0098A7BC /* Build configuration list for PBXNativeTarget "CoffeeList" */ = {
			isa = XCConfigurationList;
			buildConfigurations = (
				82DD46AA2A89140E0098A7BC /* Debug */,
				82DD46AB2A89140E0098A7BC /* Release */,
			);
			defaultConfigurationIsVisible = 0;
			defaultConfigurationName = Release;
		};
		82DD46AC2A89140F0098A7BC /* Build configuration list for PBXNativeTarget "CoffeeListTests" */ = {
			isa = XCConfigurationList;
			buildConfigurations = (
				82DD46AD2A89140F0098A7BC /* Debug */,
				82DD46AE2A89140F0098A7BC /* Release */,
			);
			defaultConfigurationIsVisible = 0;
			defaultConfigurationName = Release;
		};
		82DD46AF2A89140F0098A7BC /* Build configuration list for PBXNativeTarget "CoffeeListUITests" */ = {
			isa = XCConfigurationList;
			buildConfigurations = (
				82DD46B02A89140F0098A7BC /* Debug */,
				82DD46B12A89140F0098A7BC /* Release */,
			);
			defaultConfigurationIsVisible = 0;
			defaultConfigurationName = Release;
		};
/* End XCConfigurationList section */
	};
	rootObject = 82DD467D2A8914080098A7BC /* Project object */;
}
